
Microsoft Visual Studio Solution File, Format Version 12.00
# Visual Studio 2015
Project("{FAE04EC0-301F-11D3-BF4B-00C04F79EFBC}") = "TechCompanyWar.CSharp", "TechCompanyWar.CSharp.csproj", "{6B29601C-E8BB-B73F-68CF-3D3A12A1F889}"
EndProject
Project("{FAE04EC0-301F-11D3-BF4B-00C04F79EFBC}") = "TechCompanyWar.CSharp.Editor", "TechCompanyWar.CSharp.Editor.csproj", "{9170D63E-E669-57A2-CBA9-C9BAEC624D07}"
EndProject
Global
	GlobalSection(SolutionConfigurationPlatforms) = preSolution
		Debug|Any CPU = Debug|Any CPU
		Release|Any CPU = Release|Any CPU
	EndGlobalSection
	GlobalSection(ProjectConfigurationPlatforms) = postSolution
		{6B29601C-E8BB-B73F-68CF-3D3A12A1F889}.Debug|Any CPU.ActiveCfg = Debug|Any CPU
		{6B29601C-E8BB-B73F-68CF-3D3A12A1F889}.Debug|Any CPU.Build.0 = Debug|Any CPU
		{6B29601C-E8BB-B73F-68CF-3D3A12A1F889}.Release|Any CPU.ActiveCfg = Release|Any CPU
		{6B29601C-E8BB-B73F-68CF-3D3A12A1F889}.Release|Any CPU.Build.0 = Release|Any CPU
		{9170D63E-E669-57A2-CBA9-C9BAEC624D07}.Debug|Any CPU.ActiveCfg = Debug|Any CPU
		{9170D63E-E669-57A2-CBA9-C9BAEC624D07}.Debug|Any CPU.Build.0 = Debug|Any CPU
		{9170D63E-E669-57A2-CBA9-C9BAEC624D07}.Release|Any CPU.ActiveCfg = Release|Any CPU
		{9170D63E-E669-57A2-CBA9-C9BAEC624D07}.Release|Any CPU.Build.0 = Release|Any CPU
	EndGlobalSection
	GlobalSection(SolutionProperties) = preSolution
		HideSolutionNode = FALSE
	EndGlobalSection
EndGlobal
